
Microsoft Visual Studio Solution File, Format Version 12.00
# Visual Studio 15
VisualStudioVersion = 15.0.28307.329
MinimumVisualStudioVersion = 10.0.40219.1
Project("{FAE04EC0-301F-11D3-BF4B-00C04F79EFBC}") = "KiemTra24-4", "KiemTra24-4\KiemTra24-4.csproj", "{A7048383-8B07-4B96-840A-D7EDD0B597CB}"
EndProject
Global
	GlobalSection(SolutionConfigurationPlatforms) = preSolution
		Debug|Any CPU = Debug|Any CPU
		Release|Any CPU = Release|Any CPU
	EndGlobalSection
	GlobalSection(ProjectConfigurationPlatforms) = postSolution
		{A7048383-8B07-4B96-840A-D7EDD0B597CB}.Debug|Any CPU.ActiveCfg = Debug|Any CPU
		{A7048383-8B07-4B96-840A-D7EDD0B597CB}.Debug|Any CPU.Build.0 = Debug|Any CPU
		{A7048383-8B07-4B96-840A-D7EDD0B597CB}.Release|Any CPU.ActiveCfg = Release|Any CPU
		{A7048383-8B07-4B96-840A-D7EDD0B597CB}.Release|Any CPU.Build.0 = Release|Any CPU
	EndGlobalSection
	GlobalSection(SolutionProperties) = preSolution
		HideSolutionNode = FALSE
	EndGlobalSection
	GlobalSection(ExtensibilityGlobals) = postSolution
		SolutionGuid = {FCA08C3C-2ADD-4289-8DD8-9EBDDECC5965}
	EndGlobalSection
EndGlobal
